// !$*UTF8*$!
{
	archiveVersion = 1;
	classes = {
	};
	objectVersion = 46;
	objects = {

/* Begin PBXBuildFile section */
		08DE143862436033C2C81CB4 /* Pods_colorBall.framework in Frameworks */ = {isa = PBXBuildFile; fileRef = 7AF199797A3F93FEAF54A86B /* Pods_colorBall.framework */; settings = {ATTRIBUTES = (Required, ); }; };
		474BB8741D9A666900F53A15 /* AppDelegate.swift in Sources */ = {isa = PBXBuildFile; fileRef = 474BB8731D9A666900F53A15 /* AppDelegate.swift */; };
		474BB8761D9A666900F53A15 /* ViewController.swift in Sources */ = {isa = PBXBuildFile; fileRef = 474BB8751D9A666900F53A15 /* ViewController.swift */; };
		474BB8791D9A666900F53A15 /* Main.storyboard in Resources */ = {isa = PBXBuildFile; fileRef = 474BB8771D9A666900F53A15 /* Main.storyboard */; };
		474BB87B1D9A666900F53A15 /* Assets.xcassets in Resources */ = {isa = PBXBuildFile; fileRef = 474BB87A1D9A666900F53A15 /* Assets.xcassets */; };
		474BB87E1D9A666900F53A15 /* LaunchScreen.storyboard in Resources */ = {isa = PBXBuildFile; fileRef = 474BB87C1D9A666900F53A15 /* LaunchScreen.storyboard */; };
		474BB8861D9A68CF00F53A15 /* README.md in Sources */ = {isa = PBXBuildFile; fileRef = 474BB8851D9A68CF00F53A15 /* README.md */; };
		474BB8951D9A714A00F53A15 /* CircleViewModel.swift in Sources */ = {isa = PBXBuildFile; fileRef = 474BB8941D9A714A00F53A15 /* CircleViewModel.swift */; };
/* End PBXBuildFile section */

/* Begin PBXFileReference section */
		474BB8701D9A666900F53A15 /* colorBall.app */ = {isa = PBXFileReference; explicitFileType = wrapper.application; includeInIndex = 0; path = colorBall.app; sourceTree = BUILT_PRODUCTS_DIR; };
		474BB8731D9A666900F53A15 /* AppDelegate.swift */ = {isa = PBXFileReference; lastKnownFileType = sourcecode.swift; path = AppDelegate.swift; sourceTree = "<group>"; };
		474BB8751D9A666900F53A15 /* ViewController.swift */ = {isa = PBXFileReference; lastKnownFileType = sourcecode.swift; path = ViewController.swift; sourceTree = "<group>"; };
		474BB8781D9A666900F53A15 /* Base */ = {isa = PBXFileReference; lastKnownFileType = file.storyboard; name = Base; path = Base.lproj/Main.storyboard; sourceTree = "<group>"; };
		474BB87A1D9A666900F53A15 /* Assets.xcassets */ = {isa = PBXFileReference; lastKnownFileType = folder.assetcatalog; path = Assets.xcassets; sourceTree = "<group>"; };
		474BB87D1D9A666900F53A15 /* Base */ = {isa = PBXFileReference; lastKnownFileType = file.storyboard; name = Base; path = Base.lproj/LaunchScreen.storyboard; sourceTree = "<group>"; };
		474BB87F1D9A666900F53A15 /* Info.plist */ = {isa = PBXFileReference; lastKnownFileType = text.plist.xml; path = Info.plist; sourceTree = "<group>"; };
		474BB8851D9A68CF00F53A15 /* README.md */ = {isa = PBXFileReference; fileEncoding = 4; lastKnownFileType = net.daringfireball.markdown; path = README.md; sourceTree = SOURCE_ROOT; };
		474BB8941D9A714A00F53A15 /* CircleViewModel.swift */ = {isa = PBXFileReference; fileEncoding = 4; lastKnownFileType = sourcecode.swift; path = CircleViewModel.swift; sourceTree = "<group>"; };
		7AF199797A3F93FEAF54A86B /* Pods_colorBall.framework */ = {isa = PBXFileReference; explicitFileType = wrapper.framework; includeInIndex = 0; path = Pods_colorBall.framework; sourceTree = BUILT_PRODUCTS_DIR; };
		ADF5E2FF4158386302723E2A /* Pods-colorBall.debug.xcconfig */ = {isa = PBXFileReference; includeInIndex = 1; lastKnownFileType = text.xcconfig; name = "Pods-colorBall.debug.xcconfig"; path = "Pods/Target Support Files/Pods-colorBall/Pods-colorBall.debug.xcconfig"; sourceTree = "<group>"; };
		DC053DF6E30F8F162EFD84E4 /* Pods-colorBall.release.xcconfig */ = {isa = PBXFileReference; includeInIndex = 1; lastKnownFileType = text.xcconfig; name = "Pods-colorBall.release.xcconfig"; path = "Pods/Target Support Files/Pods-colorBall/Pods-colorBall.release.xcconfig"; sourceTree = "<group>"; };
/* End PBXFileReference section */

/* Begin PBXFrameworksBuildPhase section */
		474BB86D1D9A666800F53A15 /* Frameworks */ = {
			isa = PBXFrameworksBuildPhase;
			buildActionMask = 2147483647;
			files = (
				08DE143862436033C2C81CB4 /* Pods_colorBall.framework in Frameworks */,
			);
			runOnlyForDeploymentPostprocessing = 0;
		};
/* End PBXFrameworksBuildPhase section */

/* Begin PBXGroup section */
		474BB8671D9A666800F53A15 = {
			isa = PBXGroup;
			children = (
				474BB8721D9A666900F53A15 /* colorBall */,
				474BB8711D9A666900F53A15 /* Products */,
				DCDA229DAF874088D29BD4A1 /* Pods */,
				6456A58A1249561561F2F65C /* Frameworks */,
			);
			sourceTree = "<group>";
		};
		474BB8711D9A666900F53A15 /* Products */ = {
			isa = PBXGroup;
			children = (
				474BB8701D9A666900F53A15 /* colorBall.app */,
			);
			name = Products;
			sourceTree = "<group>";
		};
		474BB8721D9A666900F53A15 /* colorBall */ = {
			isa = PBXGroup;
			children = (
				474BB8851D9A68CF00F53A15 /* README.md */,
				474BB8731D9A666900F53A15 /* AppDelegate.swift */,
				474BB8751D9A666900F53A15 /* ViewController.swift */,
				474BB8941D9A714A00F53A15 /* CircleViewModel.swift */,
				474BB8771D9A666900F53A15 /* Main.storyboard */,
				474BB87A1D9A666900F53A15 /* Assets.xcassets */,
				474BB87C1D9A666900F53A15 /* LaunchScreen.storyboard */,
				474BB87F1D9A666900F53A15 /* Info.plist */,
			);
			path = colorBall;
			sourceTree = "<group>";
		};
		6456A58A1249561561F2F65C /* Frameworks */ = {
			isa = PBXGroup;
			children = (
				7AF199797A3F93FEAF54A86B /* Pods_colorBall.framework */,
			);
			name = Frameworks;
			sourceTree = "<group>";
		};
		DCDA229DAF874088D29BD4A1 /* Pods */ = {
			isa = PBXGroup;
			children = (
				ADF5E2FF4158386302723E2A /* Pods-colorBall.debug.xcconfig */,
				DC053DF6E30F8F162EFD84E4 /* Pods-colorBall.release.xcconfig */,
			);
			name = Pods;
			sourceTree = "<group>";
		};
/* End PBXGroup section */

/* Begin PBXNativeTarget section */
		474BB86F1D9A666800F53A15 /* colorBall */ = {
			isa = PBXNativeTarget;
			buildConfigurationList = 474BB8821D9A666900F53A15 /* Build configuration list for PBXNativeTarget "colorBall" */;
			buildPhases = (
				DA339689E60FD47306E590CE /* [CP] Check Pods Manifest.lock */,
				474BB86C1D9A666800F53A15 /* Sources */,
				474BB86D1D9A666800F53A15 /* Frameworks */,
				474BB86E1D9A666800F53A15 /* Resources */,
				080A5EC99B2D258BBFD21010 /* [CP] Embed Pods Frameworks */,
				BEA8C6625FF78F57A3393EBF /* [CP] Copy Pods Resources */,
			);
			buildRules = (
			);
			dependencies = (
			);
			name = colorBall;
			productName = colorBall;
			productReference = 474BB8701D9A666900F53A15 /* colorBall.app */;
			productType = "com.apple.product-type.application";
		};
/* End PBXNativeTarget section */

/* Begin PBXProject section */
		474BB8681D9A666800F53A15 /* Project object */ = {
			isa = PBXProject;
			attributes = {
				LastSwiftUpdateCheck = 0730;
				LastUpgradeCheck = 0730;
				ORGANIZATIONNAME = ronatory;
				TargetAttributes = {
					474BB86F1D9A666800F53A15 = {
						CreatedOnToolsVersion = 7.3.1;
					};
				};
			};
			buildConfigurationList = 474BB86B1D9A666800F53A15 /* Build configuration list for PBXProject "colorBall" */;
			compatibilityVersion = "Xcode 3.2";
			developmentRegion = English;
			hasScannedForEncodings = 0;
			knownRegions = (
				en,
				Base,
			);
			mainGroup = 474BB8671D9A666800F53A15;
			productRefGroup = 474BB8711D9A666900F53A15 /* Products */;
			projectDirPath = "";
			projectRoot = "";
			targets = (
				474BB86F1D9A666800F53A15 /* colorBall */,
			);
		};
/* End PBXProject section */

/* Begin PBXResourcesBuildPhase section */
		474BB86E1D9A666800F53A15 /* Resources */ = {
			isa = PBXResourcesBuildPhase;
			buildActionMask = 2147483647;
			files = (
				474BB87E1D9A666900F53A15 /* LaunchScreen.storyboard in Resources */,
				474BB87B1D9A666900F53A15 /* Assets.xcassets in Resources */,
				474BB8791D9A666900F53A15 /* Main.storyboard in Resources */,
			);
			runOnlyForDeploymentPostprocessing = 0;
		};
/* End PBXResourcesBuildPhase section */

/* Begin PBXShellScriptBuildPhase section */
		080A5EC99B2D258BBFD21010 /* [CP] Embed Pods Frameworks */ = {
			isa = PBXShellScriptBuildPhase;
			buildActionMask = 2147483647;
			files = (
			);
			inputPaths = (
			);
			name = "[CP] Embed Pods Frameworks";
			outputPaths = (
			);
			runOnlyForDeploymentPostprocessing = 0;
			shellPath = /bin/sh;
			shellScript = "\"${SRCROOT}/Pods/Target Support Files/Pods-colorBall/Pods-colorBall-frameworks.sh\"\n";
			showEnvVarsInLog = 0;
		};
		BEA8C6625FF78F57A3393EBF /* [CP] Copy Pods Resources */ = {
			isa = PBXShellScriptBuildPhase;
			buildActionMask = 2147483647;
			files = (
			);
			inputPaths = (
			);
			name = "[CP] Copy Pods Resources";
			outputPaths = (
			);
			runOnlyForDeploymentPostprocessing = 0;
			shellPath = /bin/sh;
			shellScript = "\"${SRCROOT}/Pods/Target Support Files/Pods-colorBall/Pods-colorBall-resources.sh\"\n";
			showEnvVarsInLog = 0;
		};
		DA339689E60FD47306E590CE /* [CP] Check Pods Manifest.lock */ = {
			isa = PBXShellScriptBuildPhase;
			buildActionMask = 2147483647;
			files = (
			);
			inputPaths = (
			);
			name = "[CP] Check Pods Manifest.lock";
			outputPaths = (
			);
			runOnlyForDeploymentPostprocessing = 0;
			shellPath = /bin/sh;
			shellScript = "diff \"${PODS_ROOT}/../Podfile.lock\" \"${PODS_ROOT}/Manifest.lock\" > /dev/null\nif [[ $? != 0 ]] ; then\n    cat << EOM\nerror: The sandbox is not in sync with the Podfile.lock. Run 'pod install' or update your CocoaPods installation.\nEOM\n    exit 1\nfi\n";
			showEnvVarsInLog = 0;
		};
/* End PBXShellScriptBuildPhase section */

/* Begin PBXSourcesBuildPhase section */
		474BB86C1D9A666800F53A15 /* Sources */ = {
			isa = PBXSourcesBuildPhase;
			buildActionMask = 2147483647;
			files = (
				474BB8861D9A68CF00F53A15 /* README.md in Sources */,
				474BB8761D9A666900F53A15 /* ViewController.swift in Sources */,
				474BB8951D9A714A00F53A15 /* CircleViewModel.swift in Sources */,
				474BB8741D9A666900F53A15 /* AppDelegate.swift in Sources */,
			);
			runOnlyForDeploymentPostprocessing = 0;
		};
/* End PBXSourcesBuildPhase section */

/* Begin PBXVariantGroup section */
		474BB8771D9A666900F53A15 /* Main.storyboard */ = {
			isa = PBXVariantGroup;
			children = (
				474BB8781D9A666900F53A15 /* Base */,
			);
			name = Main.storyboard;
			sourceTree = "<group>";
		};
		474BB87C1D9A666900F53A15 /* LaunchScreen.storyboard */ = {
			isa = PBXVariantGroup;
			children = (
				474BB87D1D9A666900F53A15 /* Base */,
			);
			name = LaunchScreen.storyboard;
			sourceTree = "<group>";
		};
/* End PBXVariantGroup section */

/* Begin XCBuildConfiguration section */
		474BB8801D9A666900F53A15 /* Debug */ = {
			isa = XCBuildConfiguration;
			buildSettings = {
				ALWAYS_SEARCH_USER_PATHS = NO;
				CLANG_ANALYZER_NONNULL = YES;
				CLANG_CXX_LANGUAGE_STANDARD = "gnu++0x";
				CLANG_CXX_LIBRARY = "libc++";
				CLANG_ENABLE_MODULES = YES;
				CLANG_ENABLE_OBJC_ARC = YES;
				CLANG_WARN_BOOL_CONVERSION = YES;
				CLANG_WARN_CONSTANT_CONVERSION = YES;
				CLANG_WARN_DIRECT_OBJC_ISA_USAGE = YES_ERROR;
				CLANG_WARN_EMPTY_BODY = YES;
				CLANG_WARN_ENUM_CONVERSION = YES;
				CLANG_WARN_INT_CONVERSION = YES;
				CLANG_WARN_OBJC_ROOT_CLASS = YES_ERROR;
				CLANG_WARN_UNREACHABLE_CODE = YES;
				CLANG_WARN__DUPLICATE_METHOD_MATCH = YES;
				"CODE_SIGN_IDENTITY[sdk=iphoneos*]" = "iPhone Developer";
				COPY_PHASE_STRIP = NO;
				DEBUG_INFORMATION_FORMAT = dwarf;
				ENABLE_STRICT_OBJC_MSGSEND = YES;
				ENABLE_TESTABILITY = YES;
				GCC_C_LANGUAGE_STANDARD = gnu99;
				GCC_DYNAMIC_NO_PIC = NO;
				GCC_NO_COMMON_BLOCKS = YES;
				GCC_OPTIMIZATION_LEVEL = 0;
				GCC_PREPROCESSOR_DEFINITIONS = (
					"DEBUG=1",
					"$(inherited)",
				);
				GCC_WARN_64_TO_32_BIT_CONVERSION = YES;
				GCC_WARN_ABOUT_RETURN_TYPE = YES_ERROR;
				GCC_WARN_UNDECLARED_SELECTOR = YES;
				GCC_WARN_UNINITIALIZED_AUTOS = YES_AGGRESSIVE;
				GCC_WARN_UNUSED_FUNCTION = YES;
				GCC_WARN_UNUSED_VARIABLE = YES;
				IPHONEOS_DEPLOYMENT_TARGET = 9.3;
				MTL_ENABLE_DEBUG_INFO = YES;
				ONLY_ACTIVE_ARCH = YES;
				SDKROOT = iphoneos;
				SWIFT_OPTIMIZATION_LEVEL = "-Onone";
			};
			name = Debug;
		};
		474BB8811D9A666900F53A15 /* Release */ = {
			isa = XCBuildConfiguration;
			buildSettings = {
				ALWAYS_SEARCH_USER_PATHS = NO;
				CLANG_ANALYZER_NONNULL = YES;
				CLANG_CXX_LANGUAGE_STANDARD = "gnu++0x";
				CLANG_CXX_LIBRARY = "libc++";
				CLANG_ENABLE_MODULES = YES;
				CLANG_ENABLE_OBJC_ARC = YES;
				CLANG_WARN_BOOL_CONVERSION = YES;
				CLANG_WARN_CONSTANT_CONVERSION = YES;
				CLANG_WARN_DIRECT_OBJC_ISA_USAGE = YES_ERROR;
				CLANG_WARN_EMPTY_BODY = YES;
				CLANG_WARN_ENUM_CONVERSION = YES;
				CLANG_WARN_INT_CONVERSION = YES;
				CLANG_WARN_OBJC_ROOT_CLASS = YES_ERROR;
				CLANG_WARN_UNREACHABLE_CODE = YES;
				CLANG_WARN__DUPLICATE_METHOD_MATCH = YES;
				"CODE_SIGN_IDENTITY[sdk=iphoneos*]" = "iPhone Developer";
				COPY_PHASE_STRIP = NO;
				DEBUG_INFORMATION_FORMAT = "dwarf-with-dsym";
				ENABLE_NS_ASSERTIONS = NO;
				ENABLE_STRICT_OBJC_MSGSEND = YES;
				GCC_C_LANGUAGE_STANDARD = gnu99;
				GCC_NO_COMMON_BLOCKS = YES;
				GCC_WARN_64_TO_32_BIT_CONVERSION = YES;
				GCC_WARN_ABOUT_RETURN_TYPE = YES_ERROR;
				GCC_WARN_UNDECLARED_SELECTOR = YES;
				GCC_WARN_UNINITIALIZED_AUTOS = YES_AGGRESSIVE;
				GCC_WARN_UNUSED_FUNCTION = YES;
				GCC_WARN_UNUSED_VARIABLE = YES;
				IPHONEOS_DEPLOYMENT_TARGET = 9.3;
				MTL_ENABLE_DEBUG_INFO = NO;
				SDKROOT = iphoneos;
				VALIDATE_PRODUCT = YES;
			};
			name = Release;
		};
		474BB8831D9A666900F53A15 /* Debug */ = {
			isa = XCBuildConfiguration;
			baseConfigurationReference = ADF5E2FF4158386302723E2A /* Pods-colorBall.debug.xcconfig */;
			buildSettings = {
				ASSETCATALOG_COMPILER_APPICON_NAME = AppIcon;
				INFOPLIST_FILE = colorBall/Info.plist;
				LD_RUNPATH_SEARCH_PATHS = "$(inherited) @executable_path/Frameworks";
				PRODUCT_BUNDLE_IDENTIFIER = com.ron.colorBall;
				PRODUCT_NAME = "$(TARGET_NAME)";
			};
			name = Debug;
		};
		474BB8841D9A666900F53A15 /* Release */ = {
			isa = XCBuildConfiguration;
			baseConfigurationReference = DC053DF6E30F8F162EFD84E4 /* Pods-colorBall.release.xcconfig */;
			buildSettings = {
				ASSETCATALOG_COMPILER_APPICON_NAME = AppIcon;
				INFOPLIST_FILE = colorBall/Info.plist;
				LD_RUNPATH_SEARCH_PATHS = "$(inherited) @executable_path/Frameworks";
				PRODUCT_BUNDLE_IDENTIFIER = com.ron.colorBall;
				PRODUCT_NAME = "$(TARGET_NAME)";
			};
			name = Release;
		};
/* End XCBuildConfiguration section */

/* Begin XCConfigurationList section */
		474BB86B1D9A666800F53A15 /* Build configuration list for PBXProject "colorBall" */ = {
			isa = XCConfigurationList;
			buildConfigurations = (
				474BB8801D9A666900F53A15 /* Debug */,
				474BB8811D9A666900F53A15 /* Release */,
			);
			defaultConfigurationIsVisible = 0;
			defaultConfigurationName = Release;
		};
		474BB8821D9A666900F53A15 /* Build configuration list for PBXNativeTarget "colorBall" */ = {
			isa = XCConfigurationList;
			buildConfigurations = (
				474BB8831D9A666900F53A15 /* Debug */,
				474BB8841D9A666900F53A15 /* Release */,
			);
			defaultConfigurationIsVisible = 0;
			defaultConfigurationName = Release;
		};
/* End XCConfigurationList section */
	};
	rootObject = 474BB8681D9A666800F53A15 /* Project object */;
}
